
Microsoft Visual Studio Solution File, Format Version 12.00
# Visual Studio 2013
VisualStudioVersion = 12.0.31101.0
MinimumVisualStudioVersion = 10.0.40219.1
Project("{FAE04EC0-301F-11D3-BF4B-00C04F79EFBC}") = "Presentation", "logIn\Presentation.csproj", "{E7091001-0CBD-4DFC-A0BC-45F7023C675F}"
EndProject
Project("{FAE04EC0-301F-11D3-BF4B-00C04F79EFBC}") = "Models", "Models\Models.csproj", "{585BF8C1-8AE4-430A-AD04-89F76BC4F452}"
EndProject
Project("{FAE04EC0-301F-11D3-BF4B-00C04F79EFBC}") = "BusinessLayer", "BL\BusinessLayer.csproj", "{56083AFD-55EC-468E-94F4-BC3F4DFBDD7C}"
EndProject
Project("{FAE04EC0-301F-11D3-BF4B-00C04F79EFBC}") = "DataLayer", "DL\DataLayer.csproj", "{1EEA665A-D686-43C3-80EE-5A3BC5425992}"
EndProject
Global
	GlobalSection(SolutionConfigurationPlatforms) = preSolution
		Debug|Any CPU = Debug|Any CPU
		Release|Any CPU = Release|Any CPU
	EndGlobalSection
	GlobalSection(ProjectConfigurationPlatforms) = postSolution
		{E7091001-0CBD-4DFC-A0BC-45F7023C675F}.Debug|Any CPU.ActiveCfg = Debug|Any CPU
		{E7091001-0CBD-4DFC-A0BC-45F7023C675F}.Debug|Any CPU.Build.0 = Debug|Any CPU
		{E7091001-0CBD-4DFC-A0BC-45F7023C675F}.Release|Any CPU.ActiveCfg = Release|Any CPU
		{E7091001-0CBD-4DFC-A0BC-45F7023C675F}.Release|Any CPU.Build.0 = Release|Any CPU
		{585BF8C1-8AE4-430A-AD04-89F76BC4F452}.Debug|Any CPU.ActiveCfg = Debug|Any CPU
		{585BF8C1-8AE4-430A-AD04-89F76BC4F452}.Debug|Any CPU.Build.0 = Debug|Any CPU
		{585BF8C1-8AE4-430A-AD04-89F76BC4F452}.Release|Any CPU.ActiveCfg = Release|Any CPU
		{585BF8C1-8AE4-430A-AD04-89F76BC4F452}.Release|Any CPU.Build.0 = Release|Any CPU
		{56083AFD-55EC-468E-94F4-BC3F4DFBDD7C}.Debug|Any CPU.ActiveCfg = Debug|Any CPU
		{56083AFD-55EC-468E-94F4-BC3F4DFBDD7C}.Debug|Any CPU.Build.0 = Debug|Any CPU
		{56083AFD-55EC-468E-94F4-BC3F4DFBDD7C}.Release|Any CPU.ActiveCfg = Release|Any CPU
		{56083AFD-55EC-468E-94F4-BC3F4DFBDD7C}.Release|Any CPU.Build.0 = Release|Any CPU
		{1EEA665A-D686-43C3-80EE-5A3BC5425992}.Debug|Any CPU.ActiveCfg = Debug|Any CPU
		{1EEA665A-D686-43C3-80EE-5A3BC5425992}.Debug|Any CPU.Build.0 = Debug|Any CPU
		{1EEA665A-D686-43C3-80EE-5A3BC5425992}.Release|Any CPU.ActiveCfg = Release|Any CPU
		{1EEA665A-D686-43C3-80EE-5A3BC5425992}.Release|Any CPU.Build.0 = Release|Any CPU
	EndGlobalSection
	GlobalSection(SolutionProperties) = preSolution
		HideSolutionNode = FALSE
	EndGlobalSection
EndGlobal
